
Microsoft Visual Studio Solution File, Format Version 12.00
# Visual Studio Version 16
VisualStudioVersion = 25.0.1705.7
MinimumVisualStudioVersion = 10.0.40219.1
Project("{FAE04EC0-301F-11D3-BF4B-00C04F79EFBC}") = "CAI 2023", "CAI 2023.csproj", "{DD979325-28BA-4455-9E08-781CC71FDDC8}"
EndProject
Global
	GlobalSection(SolutionConfigurationPlatforms) = preSolution
		Debug|Any CPU = Debug|Any CPU
		Release|Any CPU = Release|Any CPU
	EndGlobalSection
	GlobalSection(ProjectConfigurationPlatforms) = postSolution
		{DD979325-28BA-4455-9E08-781CC71FDDC8}.Debug|Any CPU.ActiveCfg = Debug|Any CPU
		{DD979325-28BA-4455-9E08-781CC71FDDC8}.Debug|Any CPU.Build.0 = Debug|Any CPU
		{DD979325-28BA-4455-9E08-781CC71FDDC8}.Release|Any CPU.ActiveCfg = Release|Any CPU
		{DD979325-28BA-4455-9E08-781CC71FDDC8}.Release|Any CPU.Build.0 = Release|Any CPU
	EndGlobalSection
	GlobalSection(SolutionProperties) = preSolution
		HideSolutionNode = FALSE
	EndGlobalSection
	GlobalSection(ExtensibilityGlobals) = postSolution
		SolutionGuid = {4226A7CB-C166-4187-B984-103CACAA5378}
	EndGlobalSection
EndGlobal
